// !$*UTF8*$!
{
	archiveVersion = 1;
	classes = {
	};
	objectVersion = 50;
	objects = {

/* Begin PBXBuildFile section */
		9A10D9BD250E29C30057AFBA /* RenameViewController.swift in Sources */ = {isa = PBXBuildFile; fileRef = 9A10D9BC250E29C30057AFBA /* RenameViewController.swift */; };
		9A625D3F25F51B83007338D9 /* FolderMenuViewCell.swift in Sources */ = {isa = PBXBuildFile; fileRef = 9A625D3E25F51B83007338D9 /* FolderMenuViewCell.swift */; };
		9A7DC3B724F94C4F00B069FF /* AppDelegate.swift in Sources */ = {isa = PBXBuildFile; fileRef = 9A7DC3B624F94C4F00B069FF /* AppDelegate.swift */; };
		9A7DC3B924F94C4F00B069FF /* SceneDelegate.swift in Sources */ = {isa = PBXBuildFile; fileRef = 9A7DC3B824F94C4F00B069FF /* SceneDelegate.swift */; };
		9A7DC3BB24F94C4F00B069FF /* FoldersViewController.swift in Sources */ = {isa = PBXBuildFile; fileRef = 9A7DC3BA24F94C4F00B069FF /* FoldersViewController.swift */; };
		9A7DC3BE24F94C4F00B069FF /* Main.storyboard in Resources */ = {isa = PBXBuildFile; fileRef = 9A7DC3BC24F94C4F00B069FF /* Main.storyboard */; };
		9A7DC3C024F94C5400B069FF /* Assets.xcassets in Resources */ = {isa = PBXBuildFile; fileRef = 9A7DC3BF24F94C5400B069FF /* Assets.xcassets */; };
		9A7DC3C324F94C5400B069FF /* LaunchScreen.storyboard in Resources */ = {isa = PBXBuildFile; fileRef = 9A7DC3C124F94C5400B069FF /* LaunchScreen.storyboard */; };
		9A7DC3CB24F94DAF00B069FF /* NotesViewController.swift in Sources */ = {isa = PBXBuildFile; fileRef = 9A7DC3CA24F94DAF00B069FF /* NotesViewController.swift */; };
		9A7DC3CD24F94DD400B069FF /* DetailViewController.swift in Sources */ = {isa = PBXBuildFile; fileRef = 9A7DC3CC24F94DD400B069FF /* DetailViewController.swift */; };
		9A93F5EB25E5343900077E89 /* FolderMenuViewController.swift in Sources */ = {isa = PBXBuildFile; fileRef = 9A93F5EA25E5343900077E89 /* FolderMenuViewController.swift */; };
		9AB41CF025F7E4A3005667D4 /* FolderSearchResultsTableViewController.swift in Sources */ = {isa = PBXBuildFile; fileRef = 9AB41CEF25F7E4A3005667D4 /* FolderSearchResultsTableViewController.swift */; };
/* End PBXBuildFile section */

/* Begin PBXFileReference section */
		9A10D9BC250E29C30057AFBA /* RenameViewController.swift */ = {isa = PBXFileReference; lastKnownFileType = sourcecode.swift; path = RenameViewController.swift; sourceTree = "<group>"; };
		9A625D3E25F51B83007338D9 /* FolderMenuViewCell.swift */ = {isa = PBXFileReference; lastKnownFileType = sourcecode.swift; path = FolderMenuViewCell.swift; sourceTree = "<group>"; };
		9A7DC3B324F94C4F00B069FF /* Notes.app */ = {isa = PBXFileReference; explicitFileType = wrapper.application; includeInIndex = 0; path = Notes.app; sourceTree = BUILT_PRODUCTS_DIR; };
		9A7DC3B624F94C4F00B069FF /* AppDelegate.swift */ = {isa = PBXFileReference; lastKnownFileType = sourcecode.swift; path = AppDelegate.swift; sourceTree = "<group>"; };
		9A7DC3B824F94C4F00B069FF /* SceneDelegate.swift */ = {isa = PBXFileReference; lastKnownFileType = sourcecode.swift; path = SceneDelegate.swift; sourceTree = "<group>"; };
		9A7DC3BA24F94C4F00B069FF /* FoldersViewController.swift */ = {isa = PBXFileReference; lastKnownFileType = sourcecode.swift; path = FoldersViewController.swift; sourceTree = "<group>"; };
		9A7DC3BD24F94C4F00B069FF /* Base */ = {isa = PBXFileReference; lastKnownFileType = file.storyboard; name = Base; path = Base.lproj/Main.storyboard; sourceTree = "<group>"; };
		9A7DC3BF24F94C5400B069FF /* Assets.xcassets */ = {isa = PBXFileReference; lastKnownFileType = folder.assetcatalog; path = Assets.xcassets; sourceTree = "<group>"; };
		9A7DC3C224F94C5400B069FF /* Base */ = {isa = PBXFileReference; lastKnownFileType = file.storyboard; name = Base; path = Base.lproj/LaunchScreen.storyboard; sourceTree = "<group>"; };
		9A7DC3C424F94C5400B069FF /* Info.plist */ = {isa = PBXFileReference; lastKnownFileType = text.plist.xml; path = Info.plist; sourceTree = "<group>"; };
		9A7DC3CA24F94DAF00B069FF /* NotesViewController.swift */ = {isa = PBXFileReference; lastKnownFileType = sourcecode.swift; path = NotesViewController.swift; sourceTree = "<group>"; };
		9A7DC3CC24F94DD400B069FF /* DetailViewController.swift */ = {isa = PBXFileReference; lastKnownFileType = sourcecode.swift; path = DetailViewController.swift; sourceTree = "<group>"; };
		9A93F5EA25E5343900077E89 /* FolderMenuViewController.swift */ = {isa = PBXFileReference; lastKnownFileType = sourcecode.swift; path = FolderMenuViewController.swift; sourceTree = "<group>"; };
		9AB41CEF25F7E4A3005667D4 /* FolderSearchResultsTableViewController.swift */ = {isa = PBXFileReference; lastKnownFileType = sourcecode.swift; path = FolderSearchResultsTableViewController.swift; sourceTree = "<group>"; };
/* End PBXFileReference section */

/* Begin PBXFrameworksBuildPhase section */
		9A7DC3B024F94C4F00B069FF /* Frameworks */ = {
			isa = PBXFrameworksBuildPhase;
			buildActionMask = 2147483647;
			files = (
			);
			runOnlyForDeploymentPostprocessing = 0;
		};
/* End PBXFrameworksBuildPhase section */

/* Begin PBXGroup section */
		9A7DC3AA24F94C4E00B069FF = {
			isa = PBXGroup;
			children = (
				9A7DC3B524F94C4F00B069FF /* Notes */,
				9A7DC3B424F94C4F00B069FF /* Products */,
			);
			sourceTree = "<group>";
		};
		9A7DC3B424F94C4F00B069FF /* Products */ = {
			isa = PBXGroup;
			children = (
				9A7DC3B324F94C4F00B069FF /* Notes.app */,
			);
			name = Products;
			sourceTree = "<group>";
		};
		9A7DC3B524F94C4F00B069FF /* Notes */ = {
			isa = PBXGroup;
			children = (
				9A7DC3B624F94C4F00B069FF /* AppDelegate.swift */,
				9A7DC3B824F94C4F00B069FF /* SceneDelegate.swift */,
				9A7DC3BA24F94C4F00B069FF /* FoldersViewController.swift */,
				9A7DC3CA24F94DAF00B069FF /* NotesViewController.swift */,
				9A7DC3CC24F94DD400B069FF /* DetailViewController.swift */,
				9A10D9BC250E29C30057AFBA /* RenameViewController.swift */,
				9A93F5EA25E5343900077E89 /* FolderMenuViewController.swift */,
				9A625D3E25F51B83007338D9 /* FolderMenuViewCell.swift */,
				9AB41CEF25F7E4A3005667D4 /* FolderSearchResultsTableViewController.swift */,
				9A7DC3BC24F94C4F00B069FF /* Main.storyboard */,
				9A7DC3BF24F94C5400B069FF /* Assets.xcassets */,
				9A7DC3C124F94C5400B069FF /* LaunchScreen.storyboard */,
				9A7DC3C424F94C5400B069FF /* Info.plist */,
			);
			path = Notes;
			sourceTree = "<group>";
		};
/* End PBXGroup section */

/* Begin PBXNativeTarget section */
		9A7DC3B224F94C4F00B069FF /* Notes */ = {
			isa = PBXNativeTarget;
			buildConfigurationList = 9A7DC3C724F94C5400B069FF /* Build configuration list for PBXNativeTarget "Notes" */;
			buildPhases = (
				9A7DC3AF24F94C4F00B069FF /* Sources */,
				9A7DC3B024F94C4F00B069FF /* Frameworks */,
				9A7DC3B124F94C4F00B069FF /* Resources */,
			);
			buildRules = (
			);
			dependencies = (
			);
			name = Notes;
			productName = Notes;
			productReference = 9A7DC3B324F94C4F00B069FF /* Notes.app */;
			productType = "com.apple.product-type.application";
		};
/* End PBXNativeTarget section */

/* Begin PBXProject section */
		9A7DC3AB24F94C4E00B069FF /* Project object */ = {
			isa = PBXProject;
			attributes = {
				LastSwiftUpdateCheck = 1160;
				LastUpgradeCheck = 1240;
				ORGANIZATIONNAME = "Helder de Melo Sérvio Filho";
				TargetAttributes = {
					9A7DC3B224F94C4F00B069FF = {
						CreatedOnToolsVersion = 11.6;
					};
				};
			};
			buildConfigurationList = 9A7DC3AE24F94C4E00B069FF /* Build configuration list for PBXProject "Notes" */;
			compatibilityVersion = "Xcode 9.3";
			developmentRegion = en;
			hasScannedForEncodings = 0;
			knownRegions = (
				en,
				Base,
			);
			mainGroup = 9A7DC3AA24F94C4E00B069FF;
			productRefGroup = 9A7DC3B424F94C4F00B069FF /* Products */;
			projectDirPath = "";
			projectRoot = "";
			targets = (
				9A7DC3B224F94C4F00B069FF /* Notes */,
			);
		};
/* End PBXProject section */

/* Begin PBXResourcesBuildPhase section */
		9A7DC3B124F94C4F00B069FF /* Resources */ = {
			isa = PBXResourcesBuildPhase;
			buildActionMask = 2147483647;
			files = (
				9A7DC3C324F94C5400B069FF /* LaunchScreen.storyboard in Resources */,
				9A7DC3C024F94C5400B069FF /* Assets.xcassets in Resources */,
				9A7DC3BE24F94C4F00B069FF /* Main.storyboard in Resources */,
			);
			runOnlyForDeploymentPostprocessing = 0;
		};
/* End PBXResourcesBuildPhase section */

/* Begin PBXSourcesBuildPhase section */
		9A7DC3AF24F94C4F00B069FF /* Sources */ = {
			isa = PBXSourcesBuildPhase;
			buildActionMask = 2147483647;
			files = (
				9A93F5EB25E5343900077E89 /* FolderMenuViewController.swift in Sources */,
				9A7DC3CB24F94DAF00B069FF /* NotesViewController.swift in Sources */,
				9A7DC3BB24F94C4F00B069FF /* FoldersViewController.swift in Sources */,
				9A10D9BD250E29C30057AFBA /* RenameViewController.swift in Sources */,
				9AB41CF025F7E4A3005667D4 /* FolderSearchResultsTableViewController.swift in Sources */,
				9A7DC3CD24F94DD400B069FF /* DetailViewController.swift in Sources */,
				9A7DC3B724F94C4F00B069FF /* AppDelegate.swift in Sources */,
				9A7DC3B924F94C4F00B069FF /* SceneDelegate.swift in Sources */,
				9A625D3F25F51B83007338D9 /* FolderMenuViewCell.swift in Sources */,
			);
			runOnlyForDeploymentPostprocessing = 0;
		};
/* End PBXSourcesBuildPhase section */

/* Begin PBXVariantGroup section */
		9A7DC3BC24F94C4F00B069FF /* Main.storyboard */ = {
			isa = PBXVariantGroup;
			children = (
				9A7DC3BD24F94C4F00B069FF /* Base */,
			);
			name = Main.storyboard;
			sourceTree = "<group>";
		};
		9A7DC3C124F94C5400B069FF /* LaunchScreen.storyboard */ = {
			isa = PBXVariantGroup;
			children = (
				9A7DC3C224F94C5400B069FF /* Base */,
			);
			name = LaunchScreen.storyboard;
			sourceTree = "<group>";
		};
/* End PBXVariantGroup section */

/* Begin XCBuildConfiguration section */
		9A7DC3C524F94C5400B069FF /* Debug */ = {
			isa = XCBuildConfiguration;
			buildSettings = {
				ALWAYS_SEARCH_USER_PATHS = NO;
				CLANG_ANALYZER_NONNULL = YES;
				CLANG_ANALYZER_NUMBER_OBJECT_CONVERSION = YES_AGGRESSIVE;
				CLANG_CXX_LANGUAGE_STANDARD = "gnu++14";
				CLANG_CXX_LIBRARY = "libc++";
				CLANG_ENABLE_MODULES = YES;
				CLANG_ENABLE_OBJC_ARC = YES;
				CLANG_ENABLE_OBJC_WEAK = YES;
				CLANG_WARN_BLOCK_CAPTURE_AUTORELEASING = YES;
				CLANG_WARN_BOOL_CONVERSION = YES;
				CLANG_WARN_COMMA = YES;
				CLANG_WARN_CONSTANT_CONVERSION = YES;
				CLANG_WARN_DEPRECATED_OBJC_IMPLEMENTATIONS = YES;
				CLANG_WARN_DIRECT_OBJC_ISA_USAGE = YES_ERROR;
				CLANG_WARN_DOCUMENTATION_COMMENTS = YES;
				CLANG_WARN_EMPTY_BODY = YES;
				CLANG_WARN_ENUM_CONVERSION = YES;
				CLANG_WARN_INFINITE_RECURSION = YES;
				CLANG_WARN_INT_CONVERSION = YES;
				CLANG_WARN_NON_LITERAL_NULL_CONVERSION = YES;
				CLANG_WARN_OBJC_IMPLICIT_RETAIN_SELF = YES;
				CLANG_WARN_OBJC_LITERAL_CONVERSION = YES;
				CLANG_WARN_OBJC_ROOT_CLASS = YES_ERROR;
				CLANG_WARN_QUOTED_INCLUDE_IN_FRAMEWORK_HEADER = YES;
				CLANG_WARN_RANGE_LOOP_ANALYSIS = YES;
				CLANG_WARN_STRICT_PROTOTYPES = YES;
				CLANG_WARN_SUSPICIOUS_MOVE = YES;
				CLANG_WARN_UNGUARDED_AVAILABILITY = YES_AGGRESSIVE;
				CLANG_WARN_UNREACHABLE_CODE = YES;
				CLANG_WARN__DUPLICATE_METHOD_MATCH = YES;
				COPY_PHASE_STRIP = NO;
				DEBUG_INFORMATION_FORMAT = dwarf;
				ENABLE_STRICT_OBJC_MSGSEND = YES;
				ENABLE_TESTABILITY = YES;
				GCC_C_LANGUAGE_STANDARD = gnu11;
				GCC_DYNAMIC_NO_PIC = NO;
				GCC_NO_COMMON_BLOCKS = YES;
				GCC_OPTIMIZATION_LEVEL = 0;
				GCC_PREPROCESSOR_DEFINITIONS = (
					"DEBUG=1",
					"$(inherited)",
				);
				GCC_WARN_64_TO_32_BIT_CONVERSION = YES;
				GCC_WARN_ABOUT_RETURN_TYPE = YES_ERROR;
				GCC_WARN_UNDECLARED_SELECTOR = YES;
				GCC_WARN_UNINITIALIZED_AUTOS = YES_AGGRESSIVE;
				GCC_WARN_UNUSED_FUNCTION = YES;
				GCC_WARN_UNUSED_VARIABLE = YES;
				IPHONEOS_DEPLOYMENT_TARGET = 14.4;
				MTL_ENABLE_DEBUG_INFO = INCLUDE_SOURCE;
				MTL_FAST_MATH = YES;
				ONLY_ACTIVE_ARCH = YES;
				SDKROOT = iphoneos;
				SWIFT_ACTIVE_COMPILATION_CONDITIONS = DEBUG;
				SWIFT_OPTIMIZATION_LEVEL = "-Onone";
			};
			name = Debug;
		};
		9A7DC3C624F94C5400B069FF /* Release */ = {
			isa = XCBuildConfiguration;
			buildSettings = {
				ALWAYS_SEARCH_USER_PATHS = NO;
				CLANG_ANALYZER_NONNULL = YES;
				CLANG_ANALYZER_NUMBER_OBJECT_CONVERSION = YES_AGGRESSIVE;
				CLANG_CXX_LANGUAGE_STANDARD = "gnu++14";
				CLANG_CXX_LIBRARY = "libc++";
				CLANG_ENABLE_MODULES = YES;
				CLANG_ENABLE_OBJC_ARC = YES;
				CLANG_ENABLE_OBJC_WEAK = YES;
				CLANG_WARN_BLOCK_CAPTURE_AUTORELEASING = YES;
				CLANG_WARN_BOOL_CONVERSION = YES;
				CLANG_WARN_COMMA = YES;
				CLANG_WARN_CONSTANT_CONVERSION = YES;
				CLANG_WARN_DEPRECATED_OBJC_IMPLEMENTATIONS = YES;
				CLANG_WARN_DIRECT_OBJC_ISA_USAGE = YES_ERROR;
				CLANG_WARN_DOCUMENTATION_COMMENTS = YES;
				CLANG_WARN_EMPTY_BODY = YES;
				CLANG_WARN_ENUM_CONVERSION = YES;
				CLANG_WARN_INFINITE_RECURSION = YES;
				CLANG_WARN_INT_CONVERSION = YES;
				CLANG_WARN_NON_LITERAL_NULL_CONVERSION = YES;
				CLANG_WARN_OBJC_IMPLICIT_RETAIN_SELF = YES;
				CLANG_WARN_OBJC_LITERAL_CONVERSION = YES;
				CLANG_WARN_OBJC_ROOT_CLASS = YES_ERROR;
				CLANG_WARN_QUOTED_INCLUDE_IN_FRAMEWORK_HEADER = YES;
				CLANG_WARN_RANGE_LOOP_ANALYSIS = YES;
				CLANG_WARN_STRICT_PROTOTYPES = YES;
				CLANG_WARN_SUSPICIOUS_MOVE = YES;
				CLANG_WARN_UNGUARDED_AVAILABILITY = YES_AGGRESSIVE;
				CLANG_WARN_UNREACHABLE_CODE = YES;
				CLANG_WARN__DUPLICATE_METHOD_MATCH = YES;
				COPY_PHASE_STRIP = NO;
				DEBUG_INFORMATION_FORMAT = "dwarf-with-dsym";
				ENABLE_NS_ASSERTIONS = NO;
				ENABLE_STRICT_OBJC_MSGSEND = YES;
				GCC_C_LANGUAGE_STANDARD = gnu11;
				GCC_NO_COMMON_BLOCKS = YES;
				GCC_WARN_64_TO_32_BIT_CONVERSION = YES;
				GCC_WARN_ABOUT_RETURN_TYPE = YES_ERROR;
				GCC_WARN_UNDECLARED_SELECTOR = YES;
				GCC_WARN_UNINITIALIZED_AUTOS = YES_AGGRESSIVE;
				GCC_WARN_UNUSED_FUNCTION = YES;
				GCC_WARN_UNUSED_VARIABLE = YES;
				IPHONEOS_DEPLOYMENT_TARGET = 14.4;
				MTL_ENABLE_DEBUG_INFO = NO;
				MTL_FAST_MATH = YES;
				SDKROOT = iphoneos;
				SWIFT_COMPILATION_MODE = wholemodule;
				SWIFT_OPTIMIZATION_LEVEL = "-O";
				VALIDATE_PRODUCT = YES;
			};
			name = Release;
		};
		9A7DC3C824F94C5400B069FF /* Debug */ = {
			isa = XCBuildConfiguration;
			buildSettings = {
				ASSETCATALOG_COMPILER_APPICON_NAME = AppIcon;
				CODE_SIGN_STYLE = Automatic;
				DEVELOPMENT_TEAM = 37DV285NTM;
				INFOPLIST_FILE = Notes/Info.plist;
				LD_RUNPATH_SEARCH_PATHS = (
					"$(inherited)",
					"@executable_path/Frameworks",
				);
				PRODUCT_BUNDLE_IDENTIFIER = starlessn1ght.Notes;
				PRODUCT_NAME = "$(TARGET_NAME)";
				SWIFT_VERSION = 5.0;
				TARGETED_DEVICE_FAMILY = "1,2";
			};
			name = Debug;
		};
		9A7DC3C924F94C5400B069FF /* Release */ = {
			isa = XCBuildConfiguration;
			buildSettings = {
				ASSETCATALOG_COMPILER_APPICON_NAME = AppIcon;
				CODE_SIGN_STYLE = Automatic;
				DEVELOPMENT_TEAM = 37DV285NTM;
				INFOPLIST_FILE = Notes/Info.plist;
				LD_RUNPATH_SEARCH_PATHS = (
					"$(inherited)",
					"@executable_path/Frameworks",
				);
				PRODUCT_BUNDLE_IDENTIFIER = starlessn1ght.Notes;
				PRODUCT_NAME = "$(TARGET_NAME)";
				SWIFT_VERSION = 5.0;
				TARGETED_DEVICE_FAMILY = "1,2";
			};
			name = Release;
		};
/* End XCBuildConfiguration section */

/* Begin XCConfigurationList section */
		9A7DC3AE24F94C4E00B069FF /* Build configuration list for PBXProject "Notes" */ = {
			isa = XCConfigurationList;
			buildConfigurations = (
				9A7DC3C524F94C5400B069FF /* Debug */,
				9A7DC3C624F94C5400B069FF /* Release */,
			);
			defaultConfigurationIsVisible = 0;
			defaultConfigurationName = Release;
		};
		9A7DC3C724F94C5400B069FF /* Build configuration list for PBXNativeTarget "Notes" */ = {
			isa = XCConfigurationList;
			buildConfigurations = (
				9A7DC3C824F94C5400B069FF /* Debug */,
				9A7DC3C924F94C5400B069FF /* Release */,
			);
			defaultConfigurationIsVisible = 0;
			defaultConfigurationName = Release;
		};
/* End XCConfigurationList section */
	};
	rootObject = 9A7DC3AB24F94C4E00B069FF /* Project object */;
}
